
Microsoft Visual Studio Solution File, Format Version 12.00
# Visual Studio Version 17
VisualStudioVersion = 17.5.002.0
MinimumVisualStudioVersion = 10.0.40219.1
Project("{9A19103F-16F7-4668-BE54-9A1E7A4F7556}") = "XbrlInspector", "XbrlInspector.csproj", "{2F00FD6C-B66F-4158-8397-77039E203658}"
EndProject
Global
	GlobalSection(SolutionConfigurationPlatforms) = preSolution
		Debug|Any CPU = Debug|Any CPU
		Release|Any CPU = Release|Any CPU
	EndGlobalSection
	GlobalSection(ProjectConfigurationPlatforms) = postSolution
		{2F00FD6C-B66F-4158-8397-77039E203658}.Debug|Any CPU.ActiveCfg = Debug|Any CPU
		{2F00FD6C-B66F-4158-8397-77039E203658}.Debug|Any CPU.Build.0 = Debug|Any CPU
		{2F00FD6C-B66F-4158-8397-77039E203658}.Release|Any CPU.ActiveCfg = Release|Any CPU
		{2F00FD6C-B66F-4158-8397-77039E203658}.Release|Any CPU.Build.0 = Release|Any CPU
	EndGlobalSection
	GlobalSection(SolutionProperties) = preSolution
		HideSolutionNode = FALSE
	EndGlobalSection
	GlobalSection(ExtensibilityGlobals) = postSolution
		SolutionGuid = {C6999F8E-FB3F-4CD0-A25F-F583EE134E4A}
	EndGlobalSection
EndGlobal
